
Microsoft Visual Studio Solution File, Format Version 12.00
# Visual Studio Version 17
VisualStudioVersion = 17.14.36623.8
MinimumVisualStudioVersion = 10.0.40219.1
Project("{FAE04EC0-301F-11D3-BF4B-00C04F79EFBC}") = "AppWPF", "AppWPF\AppWPF.csproj", "{89DCDFE5-B413-4E20-BD37-7636C00A2261}"
EndProject
Global
	GlobalSection(SolutionConfigurationPlatforms) = preSolution
		Debug|Any CPU = Debug|Any CPU
		Release|Any CPU = Release|Any CPU
	EndGlobalSection
	GlobalSection(ProjectConfigurationPlatforms) = postSolution
		{89DCDFE5-B413-4E20-BD37-7636C00A2261}.Debug|Any CPU.ActiveCfg = Debug|Any CPU
		{89DCDFE5-B413-4E20-BD37-7636C00A2261}.Debug|Any CPU.Build.0 = Debug|Any CPU
		{89DCDFE5-B413-4E20-BD37-7636C00A2261}.Release|Any CPU.ActiveCfg = Release|Any CPU
		{89DCDFE5-B413-4E20-BD37-7636C00A2261}.Release|Any CPU.Build.0 = Release|Any CPU
	EndGlobalSection
	GlobalSection(SolutionProperties) = preSolution
		HideSolutionNode = FALSE
	EndGlobalSection
	GlobalSection(ExtensibilityGlobals) = postSolution
		SolutionGuid = {2DE45EBE-EDF9-419C-ABFB-EA76CF55D351}
	EndGlobalSection
EndGlobal
